# THIS IS AN AUTOGENERATED FILE. DO NOT EDIT THIS FILE DIRECTLY.
# yarn lockfile v1


typescript@3.9.0-dev.20200325:
  version "3.9.0-dev.20200325"
  resolved "https://registry.yarnpkg.com/typescript/-/typescript-3.9.0-dev.20200325.tgz#0688e4f7bad5ee53a9c3690d3cd84df4c19368ee"
  integrity sha512-wHcBhO69Yq1R53GoKFcZk0/jSFsyuqXWLmcrlQCanbaH877X56XVrnIePyV1tHWL2DP/goHwxRqmN+HeANw7HA==

xpipe@1.0.5:
  version "1.0.5"
  resolved "https://registry.yarnpkg.com/xpipe/-/xpipe-1.0.5.tgz#8dd8bf45fc3f7f55f0e054b878f43a62614dafdf"
  integrity sha1-jdi/Rfw/f1Xw4FS4ePQ6YmFNr98=
